{
  "version": 4,
  "terraform_version": "1.9.8",
  "serial": 3,
  "lineage": "f1e19138-c381-af47-8e3c-061214b8aa01",
  "outputs": {
    "myPublicIP": {
      "value": "13.233.118.228",
      "type": "string"
    }
  },
  "resources": [
    {
      "module": "module.mywebserver",
      "mode": "managed",
      "type": "aws_instance",
      "name": "terraform-first-instance",
      "provider": "provider[\"registry.terraform.io/hashicorp/aws\"]",
      "instances": [
        {
          "schema_version": 1,
          "attributes": {
            "ami": "ami-0dee22c13ea7a9a67",
            "arn": "arn:aws:ec2:ap-south-1:108333147495:instance/i-0d5c82a62c178bff3",
            "associate_public_ip_address": true,
            "availability_zone": "ap-south-1b",
            "capacity_reservation_specification": [
              {
                "capacity_reservation_preference": "open",
                "capacity_reservation_target": []
              }
            ],
            "cpu_core_count": 1,
            "cpu_options": [
              {
                "amd_sev_snp": "",
                "core_count": 1,
                "threads_per_core": 1
              }
            ],
            "cpu_threads_per_core": 1,
            "credit_specification": [
              {
                "cpu_credits": "standard"
              }
            ],
            "disable_api_stop": false,
            "disable_api_termination": false,
            "ebs_block_device": [],
            "ebs_optimized": false,
            "enclave_options": [
              {
                "enabled": false
              }
            ],
            "ephemeral_block_device": [],
            "get_password_data": false,
            "hibernation": false,
            "host_id": "",
            "host_resource_group_arn": null,
            "iam_instance_profile": "",
            "id": "i-0d5c82a62c178bff3",
            "instance_initiated_shutdown_behavior": "stop",
            "instance_lifecycle": "",
            "instance_market_options": [],
            "instance_state": "running",
            "instance_type": "t2.micro",
            "ipv6_address_count": 0,
            "ipv6_addresses": [],
            "key_name": "key-terraform",
            "launch_template": [],
            "maintenance_options": [
              {
                "auto_recovery": "default"
              }
            ],
            "metadata_options": [
              {
                "http_endpoint": "enabled",
                "http_protocol_ipv6": "disabled",
                "http_put_response_hop_limit": 2,
                "http_tokens": "required",
                "instance_metadata_tags": "disabled"
              }
            ],
            "monitoring": false,
            "network_interface": [],
            "outpost_arn": "",
            "password_data": "",
            "placement_group": "",
            "placement_partition_number": 0,
            "primary_network_interface_id": "eni-0e05e62e340a4c9d1",
            "private_dns": "ip-172-31-2-26.ap-south-1.compute.internal",
            "private_dns_name_options": [
              {
                "enable_resource_name_dns_a_record": false,
                "enable_resource_name_dns_aaaa_record": false,
                "hostname_type": "ip-name"
              }
            ],
            "private_ip": "172.31.2.26",
            "public_dns": "ec2-13-233-118-228.ap-south-1.compute.amazonaws.com",
            "public_ip": "13.233.118.228",
            "root_block_device": [
              {
                "delete_on_termination": true,
                "device_name": "/dev/sda1",
                "encrypted": false,
                "iops": 3000,
                "kms_key_id": "",
                "tags": {},
                "tags_all": {},
                "throughput": 125,
                "volume_id": "vol-047d7970dc6bd3836",
                "volume_size": 8,
                "volume_type": "gp3"
              }
            ],
            "secondary_private_ips": [],
            "security_groups": [
              "default"
            ],
            "source_dest_check": true,
            "spot_instance_request_id": "",
            "subnet_id": "subnet-05c15c9e536c20a9b",
            "tags": {
              "Name": "terraform-first-instance"
            },
            "tags_all": {
              "Name": "terraform-first-instance"
            },
            "tenancy": "default",
            "timeouts": null,
            "user_data": null,
            "user_data_base64": null,
            "user_data_replace_on_change": false,
            "volume_tags": null,
            "vpc_security_group_ids": [
              "sg-0305d32785d2d91c8"
            ]
          },
          "sensitive_attributes": [],
          "private": "eyJlMmJmYjczMC1lY2FhLTExZTYtOGY4OC0zNDM2M2JjN2M0YzAiOnsiY3JlYXRlIjo2MDAwMDAwMDAwMDAsImRlbGV0ZSI6MTIwMDAwMDAwMDAwMCwicmVhZCI6OTAwMDAwMDAwMDAwLCJ1cGRhdGUiOjYwMDAwMDAwMDAwMH0sInNjaGVtYV92ZXJzaW9uIjoiMSJ9",
          "dependencies": [
            "module.mywebserver.aws_key_pair.key-terraform"
          ]
        }
      ]
    },
    {
      "module": "module.mywebserver",
      "mode": "managed",
      "type": "aws_key_pair",
      "name": "key-terraform",
      "provider": "provider[\"registry.terraform.io/hashicorp/aws\"]",
      "instances": [
        {
          "schema_version": 1,
          "attributes": {
            "arn": "arn:aws:ec2:ap-south-1:108333147495:key-pair/key-terraform",
            "fingerprint": "0a:2d:27:d1:a7:6a:f1:cb:83:9b:f4:df:a2:8e:49:3e",
            "id": "key-terraform",
            "key_name": "key-terraform",
            "key_name_prefix": "",
            "key_pair_id": "key-0f1772b5cc375a354",
            "key_type": "rsa",
            "public_key": "ssh-rsa AAAAB3NzaC1yc2EAAAADAQABAAABgQCcaE4SKIV9d6h86arX/KlVwUuIYd0rilUnyzFXCdb9004S8gibTsgaNm1lNZyFO8YKuLMpOAlFdryPbmOMGnDyB+7Ta1e4vfMqvOtPXM0m13H+8PDKSjTXWBEFp7SGmpXtfr9EHCjXeK9nuaeIdKxRZJKi+KtKU7KFwIX6/di2J2R4BSsDa7cKas2IUflkBdmePK0+SE4+4+s0VYBybo7UcqQ+37YBgSVfRvaJivDW1+E5IHfTk39EC/bHrGsF9uRii7F7uKRBjNKMHE/poyBmuX2OXblneMBJbmSc6Q0AsuH7mf/LZ0Ajrf5V3ICcJmIT0aCIfV0vNPg+OnvUGVZ5kuZbWBw2lX7GVIPCPmaaJDUBSPYoTw9Nj5uX3ScDT/bvQo2PLu8FvIC9w07Q9YVtK+Qq6/3gQ4HtcL+TdiV+img/8Xbbtuk6sSwOO1+V2ljufD2izZIqOR2HhYxaLAdQDf0rlv3Ql1DrWhhUxmIwzXMJ5bEoBf2WEoBm4RZBIq8= vishalsingh@197NOMBT3987",
            "tags": null,
            "tags_all": {}
          },
          "sensitive_attributes": [],
          "private": "eyJzY2hlbWFfdmVyc2lvbiI6IjEifQ=="
        }
      ]
    }
  ],
  "check_results": null
}
